
Microsoft Visual Studio Solution File, Format Version 12.00
# Visual Studio Version 17
VisualStudioVersion = 17.7.34202.233
MinimumVisualStudioVersion = 10.0.40219.1
Project("{FAE04EC0-301F-11D3-BF4B-00C04F79EFBC}") = "Classes", "Classes\Classes.csproj", "{950E1D91-B10F-42BF-A8BE-FE235AED7335}"
EndProject
Global
	GlobalSection(SolutionConfigurationPlatforms) = preSolution
		Debug|Any CPU = Debug|Any CPU
		Release|Any CPU = Release|Any CPU
	EndGlobalSection
	GlobalSection(ProjectConfigurationPlatforms) = postSolution
		{950E1D91-B10F-42BF-A8BE-FE235AED7335}.Debug|Any CPU.ActiveCfg = Debug|Any CPU
		{950E1D91-B10F-42BF-A8BE-FE235AED7335}.Debug|Any CPU.Build.0 = Debug|Any CPU
		{950E1D91-B10F-42BF-A8BE-FE235AED7335}.Release|Any CPU.ActiveCfg = Release|Any CPU
		{950E1D91-B10F-42BF-A8BE-FE235AED7335}.Release|Any CPU.Build.0 = Release|Any CPU
	EndGlobalSection
	GlobalSection(SolutionProperties) = preSolution
		HideSolutionNode = FALSE
	EndGlobalSection
	GlobalSection(ExtensibilityGlobals) = postSolution
		SolutionGuid = {41CCAFC5-38BD-496B-B9FD-D1654ABAAA1D}
	EndGlobalSection
EndGlobal
